
Microsoft Visual Studio Solution File, Format Version 12.00
# Visual Studio Version 16
VisualStudioVersion = 16.0.31613.86
MinimumVisualStudioVersion = 10.0.40219.1
Project("{9A19103F-16F7-4668-BE54-9A1E7A4F7556}") = "RogueTower-FixedFirstSplit", "RogueTower-FixedFirstSplit.csproj", "{FF8D0F5A-1DB5-49C5-BF05-4BC2DB9FA511}"
EndProject
Global
	GlobalSection(SolutionConfigurationPlatforms) = preSolution
		Debug|Any CPU = Debug|Any CPU
		Release|Any CPU = Release|Any CPU
	EndGlobalSection
	GlobalSection(ProjectConfigurationPlatforms) = postSolution
		{FF8D0F5A-1DB5-49C5-BF05-4BC2DB9FA511}.Debug|Any CPU.ActiveCfg = Debug|Any CPU
		{FF8D0F5A-1DB5-49C5-BF05-4BC2DB9FA511}.Debug|Any CPU.Build.0 = Debug|Any CPU
		{FF8D0F5A-1DB5-49C5-BF05-4BC2DB9FA511}.Release|Any CPU.ActiveCfg = Release|Any CPU
		{FF8D0F5A-1DB5-49C5-BF05-4BC2DB9FA511}.Release|Any CPU.Build.0 = Release|Any CPU
	EndGlobalSection
	GlobalSection(SolutionProperties) = preSolution
		HideSolutionNode = FALSE
	EndGlobalSection
	GlobalSection(ExtensibilityGlobals) = postSolution
		SolutionGuid = {BDFE07BA-F78C-4D43-9E14-AE60AEDCDF51}
	EndGlobalSection
EndGlobal
